# Generated by pub
# See https://dart.dev/tools/pub/glossary#lockfile
packages:
  characters:
    dependency: transitive
    description:
      name: characters
      sha256: "04a925763edad70e8443c99234dc3328f442e811f1d8fd1a72f1c8ad0f69a605"
      url: "https://pub.dev"
    source: hosted
    version: "1.3.0"
  clock:
    dependency: transitive
    description:
      name: clock
      sha256: cb6d7f03e1de671e34607e909a7213e31d7752be4fb66a86d29fe1eb14bfb5cf
      url: "https://pub.dev"
    source: hosted
    version: "1.1.1"
  collection:
    dependency: transitive
    description:
      name: collection
      sha256: ee67cb0715911d28db6bf4af1026078bd6f0128b07a5f66fb2ed94ec6783c09a
      url: "https://pub.dev"
    source: hosted
    version: "1.18.0"
  dart_console:
    dependency: "direct main"
    description:
      name: dart_console
      sha256: dfa4b63eb4382325ff975fdb6b7a0db8303bb5809ee5cb4516b44153844742ed
      url: "https://pub.dev"
    source: hosted
    version: "1.2.0"
  ffi:
    dependency: transitive
    description:
      name: ffi
      sha256: "7bf0adc28a23d395f19f3f1eb21dd7cfd1dd9f8e1c50051c069122e6853bc878"
      url: "https://pub.dev"
    source: hosted
    version: "2.1.0"
  functional_data:
    dependency: transitive
    description:
      name: functional_data
      sha256: aefdec4365452283b2a7cf420a3169654d51d3e9553069a22d76680d7a9d7c3d
      url: "https://pub.dev"
    source: hosted
    version: "1.1.1"
  intl:
    dependency: transitive
    description:
      name: intl
      sha256: "3bc132a9dbce73a7e4a21a17d06e1878839ffbf975568bc875c60537824b0c4d"
      url: "https://pub.dev"
    source: hosted
    version: "0.18.1"
  json2yaml:
    dependency: transitive
    description:
      name: json2yaml
      sha256: da94630fbc56079426fdd167ae58373286f603371075b69bf46d848d63ba3e51
      url: "https://pub.dev"
    source: hosted
    version: "3.0.1"
  lints:
    dependency: "direct dev"
    description:
      name: lints
      sha256: cbf8d4b858bb0134ef3ef87841abdf8d63bfc255c266b7bf6b39daa1085c4290
      url: "https://pub.dev"
    source: hosted
    version: "3.0.0"
  meta:
    dependency: transitive
    description:
      name: meta
      sha256: d584fa6707a52763a52446f02cc621b077888fb63b93bbcb1143a7be5a0c0c04
      url: "https://pub.dev"
    source: hosted
    version: "1.11.0"
  path:
    dependency: transitive
    description:
      name: path
      sha256: "087ce49c3f0dc39180befefc60fdb4acd8f8620e5682fe2476afd0b3688bb4af"
      url: "https://pub.dev"
    source: hosted
    version: "1.9.0"
  plain_optional:
    dependency: transitive
    description:
      name: plain_optional
      sha256: e5856f4c3e5a5e5f47e9c3d13ccbb674d822f95c408869a19ee9a4391cc2e820
      url: "https://pub.dev"
    source: hosted
    version: "1.0.0"
  pubspec_yaml:
    dependency: "direct main"
    description:
      name: pubspec_yaml
      sha256: "312424c243f98a74b912c028cbedb4776a47f80bf7d8b8791291c4486dc3f02a"
      url: "https://pub.dev"
    source: hosted
    version: "3.1.0"
  source_span:
    dependency: transitive
    description:
      name: source_span
      sha256: "53e943d4206a5e30df338fd4c6e7a077e02254531b138a15aec3bd143c1a8b3c"
      url: "https://pub.dev"
    source: hosted
    version: "1.10.0"
  string_scanner:
    dependency: transitive
    description:
      name: string_scanner
      sha256: "556692adab6cfa87322a115640c11f13cb77b3f076ddcc5d6ae3c20242bedcde"
      url: "https://pub.dev"
    source: hosted
    version: "1.2.0"
  sum_types:
    dependency: transitive
    description:
      name: sum_types
      sha256: c0a0fad9a518d011987e1d9f27fc336194294e55dafdc3699363e52aa5776e09
      url: "https://pub.dev"
    source: hosted
    version: "0.3.5"
  term_glyph:
    dependency: transitive
    description:
      name: term_glyph
      sha256: a29248a84fbb7c79282b40b8c72a1209db169a2e0542bce341da992fe1bc7e84
      url: "https://pub.dev"
    source: hosted
    version: "1.2.1"
  win32:
    dependency: transitive
    description:
      name: win32
      sha256: b0f37db61ba2f2e9b7a78a1caece0052564d1bc70668156cf3a29d676fe4e574
      url: "https://pub.dev"
    source: hosted
    version: "5.1.1"
  yaml:
    dependency: transitive
    description:
      name: yaml
      sha256: "75769501ea3489fca56601ff33454fe45507ea3bfb014161abc3b43ae25989d5"
      url: "https://pub.dev"
    source: hosted
    version: "3.1.2"
sdks:
  dart: ">=3.2.0 <4.0.0"
